// !$*UTF8*$!
{
	archiveVersion = 1;
	classes = {
	};
	objectVersion = 56;
	objects = {

/* Begin PBXBuildFile section */
		73E511602C068D91007389F8 /* libobjcWrap.a in Frameworks */ = {isa = PBXBuildFile; fileRef = 73E556F32BFEB3EE00733C0D /* libobjcWrap.a */; };
		73E511622C068E41007389F8 /* libutilities.a in Frameworks */ = {isa = PBXBuildFile; fileRef = 73E511612C068E41007389F8 /* libutilities.a */; };
		73E556B92BFEAB8E00733C0D /* keyboxiApp.swift in Sources */ = {isa = PBXBuildFile; fileRef = 73E556B82BFEAB8E00733C0D /* keyboxiApp.swift */; };
		73E556BB2BFEAB8E00733C0D /* ContentView.swift in Sources */ = {isa = PBXBuildFile; fileRef = 73E556BA2BFEAB8E00733C0D /* ContentView.swift */; };
		73E556BD2BFEAB9000733C0D /* Assets.xcassets in Resources */ = {isa = PBXBuildFile; fileRef = 73E556BC2BFEAB9000733C0D /* Assets.xcassets */; };
		73E556C02BFEAB9000733C0D /* Preview Assets.xcassets in Resources */ = {isa = PBXBuildFile; fileRef = 73E556BF2BFEAB9000733C0D /* Preview Assets.xcassets */; };
		73E556CA2BFEAB9000733C0D /* keyboxiTests.swift in Sources */ = {isa = PBXBuildFile; fileRef = 73E556C92BFEAB9000733C0D /* keyboxiTests.swift */; };
		73E556D42BFEAB9000733C0D /* keyboxiUITests.swift in Sources */ = {isa = PBXBuildFile; fileRef = 73E556D32BFEAB9000733C0D /* keyboxiUITests.swift */; };
		73E556D62BFEAB9000733C0D /* keyboxiUITestsLaunchTests.swift in Sources */ = {isa = PBXBuildFile; fileRef = 73E556D52BFEAB9000733C0D /* keyboxiUITestsLaunchTests.swift */; };
		73E556FF2BFEBB1D00733C0D /* ORandomGenerator.mm in Sources */ = {isa = PBXBuildFile; fileRef = 73E556FE2BFEBB1D00733C0D /* ORandomGenerator.mm */; };
/* End PBXBuildFile section */

/* Begin PBXContainerItemProxy section */
		73E556C62BFEAB9000733C0D /* PBXContainerItemProxy */ = {
			isa = PBXContainerItemProxy;
			containerPortal = 73E556AD2BFEAB8E00733C0D /* Project object */;
			proxyType = 1;
			remoteGlobalIDString = 73E556B42BFEAB8E00733C0D;
			remoteInfo = keyboxi;
		};
		73E556D02BFEAB9000733C0D /* PBXContainerItemProxy */ = {
			isa = PBXContainerItemProxy;
			containerPortal = 73E556AD2BFEAB8E00733C0D /* Project object */;
			proxyType = 1;
			remoteGlobalIDString = 73E556B42BFEAB8E00733C0D;
			remoteInfo = keyboxi;
		};
/* End PBXContainerItemProxy section */

/* Begin PBXCopyFilesBuildPhase section */
		73E556F12BFEB3EE00733C0D /* CopyFiles */ = {
			isa = PBXCopyFilesBuildPhase;
			buildActionMask = 2147483647;
			dstPath = "include/$(PRODUCT_NAME)";
			dstSubfolderSpec = 16;
			files = (
			);
			runOnlyForDeploymentPostprocessing = 0;
		};
/* End PBXCopyFilesBuildPhase section */

/* Begin PBXFileReference section */
		73E511612C068E41007389F8 /* libutilities.a */ = {isa = PBXFileReference; lastKnownFileType = archive.ar; name = libutilities.a; path = "../cmake-build-debug/utilities/libutilities.a"; sourceTree = "<group>"; };
		73E556B52BFEAB8E00733C0D /* keyboxi.app */ = {isa = PBXFileReference; explicitFileType = wrapper.application; includeInIndex = 0; path = keyboxi.app; sourceTree = BUILT_PRODUCTS_DIR; };
		73E556B82BFEAB8E00733C0D /* keyboxiApp.swift */ = {isa = PBXFileReference; lastKnownFileType = sourcecode.swift; path = keyboxiApp.swift; sourceTree = "<group>"; };
		73E556BA2BFEAB8E00733C0D /* ContentView.swift */ = {isa = PBXFileReference; lastKnownFileType = sourcecode.swift; path = ContentView.swift; sourceTree = "<group>"; };
		73E556BC2BFEAB9000733C0D /* Assets.xcassets */ = {isa = PBXFileReference; lastKnownFileType = folder.assetcatalog; path = Assets.xcassets; sourceTree = "<group>"; };
		73E556BF2BFEAB9000733C0D /* Preview Assets.xcassets */ = {isa = PBXFileReference; lastKnownFileType = folder.assetcatalog; path = "Preview Assets.xcassets"; sourceTree = "<group>"; };
		73E556C52BFEAB9000733C0D /* keyboxiTests.xctest */ = {isa = PBXFileReference; explicitFileType = wrapper.cfbundle; includeInIndex = 0; path = keyboxiTests.xctest; sourceTree = BUILT_PRODUCTS_DIR; };
		73E556C92BFEAB9000733C0D /* keyboxiTests.swift */ = {isa = PBXFileReference; lastKnownFileType = sourcecode.swift; path = keyboxiTests.swift; sourceTree = "<group>"; };
		73E556CF2BFEAB9000733C0D /* keyboxiUITests.xctest */ = {isa = PBXFileReference; explicitFileType = wrapper.cfbundle; includeInIndex = 0; path = keyboxiUITests.xctest; sourceTree = BUILT_PRODUCTS_DIR; };
		73E556D32BFEAB9000733C0D /* keyboxiUITests.swift */ = {isa = PBXFileReference; lastKnownFileType = sourcecode.swift; path = keyboxiUITests.swift; sourceTree = "<group>"; };
		73E556D52BFEAB9000733C0D /* keyboxiUITestsLaunchTests.swift */ = {isa = PBXFileReference; lastKnownFileType = sourcecode.swift; path = keyboxiUITestsLaunchTests.swift; sourceTree = "<group>"; };
		73E556F32BFEB3EE00733C0D /* libobjcWrap.a */ = {isa = PBXFileReference; explicitFileType = archive.ar; includeInIndex = 0; path = libobjcWrap.a; sourceTree = BUILT_PRODUCTS_DIR; };
		73E556FA2BFEB9EB00733C0D /* objc_bridge.h */ = {isa = PBXFileReference; fileEncoding = 4; lastKnownFileType = sourcecode.c.h; path = objc_bridge.h; sourceTree = "<group>"; };
		73E556FB2BFEBAC100733C0D /* ORandomGenerator.h */ = {isa = PBXFileReference; lastKnownFileType = sourcecode.c.h; path = ORandomGenerator.h; sourceTree = "<group>"; };
		73E556FE2BFEBB1D00733C0D /* ORandomGenerator.mm */ = {isa = PBXFileReference; fileEncoding = 4; lastKnownFileType = sourcecode.cpp.objcpp; path = ORandomGenerator.mm; sourceTree = "<group>"; };
/* End PBXFileReference section */

/* Begin PBXFrameworksBuildPhase section */
		73E556B22BFEAB8E00733C0D /* Frameworks */ = {
			isa = PBXFrameworksBuildPhase;
			buildActionMask = 2147483647;
			files = (
				73E511622C068E41007389F8 /* libutilities.a in Frameworks */,
				73E511602C068D91007389F8 /* libobjcWrap.a in Frameworks */,
			);
			runOnlyForDeploymentPostprocessing = 0;
		};
		73E556C22BFEAB9000733C0D /* Frameworks */ = {
			isa = PBXFrameworksBuildPhase;
			buildActionMask = 2147483647;
			files = (
			);
			runOnlyForDeploymentPostprocessing = 0;
		};
		73E556CC2BFEAB9000733C0D /* Frameworks */ = {
			isa = PBXFrameworksBuildPhase;
			buildActionMask = 2147483647;
			files = (
			);
			runOnlyForDeploymentPostprocessing = 0;
		};
		73E556F02BFEB3EE00733C0D /* Frameworks */ = {
			isa = PBXFrameworksBuildPhase;
			buildActionMask = 2147483647;
			files = (
			);
			runOnlyForDeploymentPostprocessing = 0;
		};
/* End PBXFrameworksBuildPhase section */

/* Begin PBXGroup section */
		73E5115F2C068D91007389F8 /* Frameworks */ = {
			isa = PBXGroup;
			children = (
				73E511612C068E41007389F8 /* libutilities.a */,
			);
			name = Frameworks;
			sourceTree = "<group>";
		};
		73E556AC2BFEAB8E00733C0D = {
			isa = PBXGroup;
			children = (
				73E556B72BFEAB8E00733C0D /* keyboxi */,
				73E556C82BFEAB9000733C0D /* keyboxiTests */,
				73E556D22BFEAB9000733C0D /* keyboxiUITests */,
				73E556F42BFEB3EE00733C0D /* objcWrap */,
				73E556B62BFEAB8E00733C0D /* Products */,
				73E5115F2C068D91007389F8 /* Frameworks */,
			);
			sourceTree = "<group>";
		};
		73E556B62BFEAB8E00733C0D /* Products */ = {
			isa = PBXGroup;
			children = (
				73E556B52BFEAB8E00733C0D /* keyboxi.app */,
				73E556C52BFEAB9000733C0D /* keyboxiTests.xctest */,
				73E556CF2BFEAB9000733C0D /* keyboxiUITests.xctest */,
				73E556F32BFEB3EE00733C0D /* libobjcWrap.a */,
			);
			name = Products;
			sourceTree = "<group>";
		};
		73E556B72BFEAB8E00733C0D /* keyboxi */ = {
			isa = PBXGroup;
			children = (
				73E556FA2BFEB9EB00733C0D /* objc_bridge.h */,
				73E556B82BFEAB8E00733C0D /* keyboxiApp.swift */,
				73E556BA2BFEAB8E00733C0D /* ContentView.swift */,
				73E556BC2BFEAB9000733C0D /* Assets.xcassets */,
				73E556BE2BFEAB9000733C0D /* Preview Content */,
			);
			path = keyboxi;
			sourceTree = "<group>";
		};
		73E556BE2BFEAB9000733C0D /* Preview Content */ = {
			isa = PBXGroup;
			children = (
				73E556BF2BFEAB9000733C0D /* Preview Assets.xcassets */,
			);
			path = "Preview Content";
			sourceTree = "<group>";
		};
		73E556C82BFEAB9000733C0D /* keyboxiTests */ = {
			isa = PBXGroup;
			children = (
				73E556C92BFEAB9000733C0D /* keyboxiTests.swift */,
			);
			path = keyboxiTests;
			sourceTree = "<group>";
		};
		73E556D22BFEAB9000733C0D /* keyboxiUITests */ = {
			isa = PBXGroup;
			children = (
				73E556D32BFEAB9000733C0D /* keyboxiUITests.swift */,
				73E556D52BFEAB9000733C0D /* keyboxiUITestsLaunchTests.swift */,
			);
			path = keyboxiUITests;
			sourceTree = "<group>";
		};
		73E556F42BFEB3EE00733C0D /* objcWrap */ = {
			isa = PBXGroup;
			children = (
				73E556FE2BFEBB1D00733C0D /* ORandomGenerator.mm */,
				73E556FB2BFEBAC100733C0D /* ORandomGenerator.h */,
			);
			path = objcWrap;
			sourceTree = "<group>";
		};
/* End PBXGroup section */

/* Begin PBXNativeTarget section */
		73E556B42BFEAB8E00733C0D /* keyboxi */ = {
			isa = PBXNativeTarget;
			buildConfigurationList = 73E556D92BFEAB9000733C0D /* Build configuration list for PBXNativeTarget "keyboxi" */;
			buildPhases = (
				73E556B12BFEAB8E00733C0D /* Sources */,
				73E556B22BFEAB8E00733C0D /* Frameworks */,
				73E556B32BFEAB8E00733C0D /* Resources */,
			);
			buildRules = (
			);
			dependencies = (
			);
			name = keyboxi;
			productName = keyboxi;
			productReference = 73E556B52BFEAB8E00733C0D /* keyboxi.app */;
			productType = "com.apple.product-type.application";
		};
		73E556C42BFEAB9000733C0D /* keyboxiTests */ = {
			isa = PBXNativeTarget;
			buildConfigurationList = 73E556DC2BFEAB9000733C0D /* Build configuration list for PBXNativeTarget "keyboxiTests" */;
			buildPhases = (
				73E556C12BFEAB9000733C0D /* Sources */,
				73E556C22BFEAB9000733C0D /* Frameworks */,
				73E556C32BFEAB9000733C0D /* Resources */,
			);
			buildRules = (
			);
			dependencies = (
				73E556C72BFEAB9000733C0D /* PBXTargetDependency */,
			);
			name = keyboxiTests;
			productName = keyboxiTests;
			productReference = 73E556C52BFEAB9000733C0D /* keyboxiTests.xctest */;
			productType = "com.apple.product-type.bundle.unit-test";
		};
		73E556CE2BFEAB9000733C0D /* keyboxiUITests */ = {
			isa = PBXNativeTarget;
			buildConfigurationList = 73E556DF2BFEAB9000733C0D /* Build configuration list for PBXNativeTarget "keyboxiUITests" */;
			buildPhases = (
				73E556CB2BFEAB9000733C0D /* Sources */,
				73E556CC2BFEAB9000733C0D /* Frameworks */,
				73E556CD2BFEAB9000733C0D /* Resources */,
			);
			buildRules = (
			);
			dependencies = (
				73E556D12BFEAB9000733C0D /* PBXTargetDependency */,
			);
			name = keyboxiUITests;
			productName = keyboxiUITests;
			productReference = 73E556CF2BFEAB9000733C0D /* keyboxiUITests.xctest */;
			productType = "com.apple.product-type.bundle.ui-testing";
		};
		73E556F22BFEB3EE00733C0D /* objcWrap */ = {
			isa = PBXNativeTarget;
			buildConfigurationList = 73E556F72BFEB3EE00733C0D /* Build configuration list for PBXNativeTarget "objcWrap" */;
			buildPhases = (
				73E556EF2BFEB3EE00733C0D /* Sources */,
				73E556F02BFEB3EE00733C0D /* Frameworks */,
				73E556F12BFEB3EE00733C0D /* CopyFiles */,
			);
			buildRules = (
			);
			dependencies = (
			);
			name = objcWrap;
			productName = objcWrap;
			productReference = 73E556F32BFEB3EE00733C0D /* libobjcWrap.a */;
			productType = "com.apple.product-type.library.static";
		};
/* End PBXNativeTarget section */

/* Begin PBXProject section */
		73E556AD2BFEAB8E00733C0D /* Project object */ = {
			isa = PBXProject;
			attributes = {
				BuildIndependentTargetsInParallel = 1;
				LastSwiftUpdateCheck = 1530;
				LastUpgradeCheck = 1530;
				TargetAttributes = {
					73E556B42BFEAB8E00733C0D = {
						CreatedOnToolsVersion = 15.3;
					};
					73E556C42BFEAB9000733C0D = {
						CreatedOnToolsVersion = 15.3;
						TestTargetID = 73E556B42BFEAB8E00733C0D;
					};
					73E556CE2BFEAB9000733C0D = {
						CreatedOnToolsVersion = 15.3;
						TestTargetID = 73E556B42BFEAB8E00733C0D;
					};
					73E556F22BFEB3EE00733C0D = {
						CreatedOnToolsVersion = 15.3;
					};
				};
			};
			buildConfigurationList = 73E556B02BFEAB8E00733C0D /* Build configuration list for PBXProject "keyboxi" */;
			compatibilityVersion = "Xcode 14.0";
			developmentRegion = en;
			hasScannedForEncodings = 0;
			knownRegions = (
				en,
				Base,
			);
			mainGroup = 73E556AC2BFEAB8E00733C0D;
			productRefGroup = 73E556B62BFEAB8E00733C0D /* Products */;
			projectDirPath = "";
			projectRoot = "";
			targets = (
				73E556B42BFEAB8E00733C0D /* keyboxi */,
				73E556C42BFEAB9000733C0D /* keyboxiTests */,
				73E556CE2BFEAB9000733C0D /* keyboxiUITests */,
				73E556F22BFEB3EE00733C0D /* objcWrap */,
			);
		};
/* End PBXProject section */

/* Begin PBXResourcesBuildPhase section */
		73E556B32BFEAB8E00733C0D /* Resources */ = {
			isa = PBXResourcesBuildPhase;
			buildActionMask = 2147483647;
			files = (
				73E556C02BFEAB9000733C0D /* Preview Assets.xcassets in Resources */,
				73E556BD2BFEAB9000733C0D /* Assets.xcassets in Resources */,
			);
			runOnlyForDeploymentPostprocessing = 0;
		};
		73E556C32BFEAB9000733C0D /* Resources */ = {
			isa = PBXResourcesBuildPhase;
			buildActionMask = 2147483647;
			files = (
			);
			runOnlyForDeploymentPostprocessing = 0;
		};
		73E556CD2BFEAB9000733C0D /* Resources */ = {
			isa = PBXResourcesBuildPhase;
			buildActionMask = 2147483647;
			files = (
			);
			runOnlyForDeploymentPostprocessing = 0;
		};
/* End PBXResourcesBuildPhase section */

/* Begin PBXSourcesBuildPhase section */
		73E556B12BFEAB8E00733C0D /* Sources */ = {
			isa = PBXSourcesBuildPhase;
			buildActionMask = 2147483647;
			files = (
				73E556BB2BFEAB8E00733C0D /* ContentView.swift in Sources */,
				73E556B92BFEAB8E00733C0D /* keyboxiApp.swift in Sources */,
			);
			runOnlyForDeploymentPostprocessing = 0;
		};
		73E556C12BFEAB9000733C0D /* Sources */ = {
			isa = PBXSourcesBuildPhase;
			buildActionMask = 2147483647;
			files = (
				73E556CA2BFEAB9000733C0D /* keyboxiTests.swift in Sources */,
			);
			runOnlyForDeploymentPostprocessing = 0;
		};
		73E556CB2BFEAB9000733C0D /* Sources */ = {
			isa = PBXSourcesBuildPhase;
			buildActionMask = 2147483647;
			files = (
				73E556D62BFEAB9000733C0D /* keyboxiUITestsLaunchTests.swift in Sources */,
				73E556D42BFEAB9000733C0D /* keyboxiUITests.swift in Sources */,
			);
			runOnlyForDeploymentPostprocessing = 0;
		};
		73E556EF2BFEB3EE00733C0D /* Sources */ = {
			isa = PBXSourcesBuildPhase;
			buildActionMask = 2147483647;
			files = (
				73E556FF2BFEBB1D00733C0D /* ORandomGenerator.mm in Sources */,
			);
			runOnlyForDeploymentPostprocessing = 0;
		};
/* End PBXSourcesBuildPhase section */

/* Begin PBXTargetDependency section */
		73E556C72BFEAB9000733C0D /* PBXTargetDependency */ = {
			isa = PBXTargetDependency;
			target = 73E556B42BFEAB8E00733C0D /* keyboxi */;
			targetProxy = 73E556C62BFEAB9000733C0D /* PBXContainerItemProxy */;
		};
		73E556D12BFEAB9000733C0D /* PBXTargetDependency */ = {
			isa = PBXTargetDependency;
			target = 73E556B42BFEAB8E00733C0D /* keyboxi */;
			targetProxy = 73E556D02BFEAB9000733C0D /* PBXContainerItemProxy */;
		};
/* End PBXTargetDependency section */

/* Begin XCBuildConfiguration section */
		73E556D72BFEAB9000733C0D /* Debug */ = {
			isa = XCBuildConfiguration;
			buildSettings = {
				ALWAYS_SEARCH_USER_PATHS = NO;
				ASSETCATALOG_COMPILER_GENERATE_SWIFT_ASSET_SYMBOL_EXTENSIONS = YES;
				CLANG_ANALYZER_NONNULL = YES;
				CLANG_ANALYZER_NUMBER_OBJECT_CONVERSION = YES_AGGRESSIVE;
				CLANG_CXX_LANGUAGE_STANDARD = "gnu++20";
				CLANG_ENABLE_MODULES = YES;
				CLANG_ENABLE_OBJC_ARC = YES;
				CLANG_ENABLE_OBJC_WEAK = YES;
				CLANG_WARN_BLOCK_CAPTURE_AUTORELEASING = YES;
				CLANG_WARN_BOOL_CONVERSION = YES;
				CLANG_WARN_COMMA = YES;
				CLANG_WARN_CONSTANT_CONVERSION = YES;
				CLANG_WARN_DEPRECATED_OBJC_IMPLEMENTATIONS = YES;
				CLANG_WARN_DIRECT_OBJC_ISA_USAGE = YES_ERROR;
				CLANG_WARN_DOCUMENTATION_COMMENTS = YES;
				CLANG_WARN_EMPTY_BODY = YES;
				CLANG_WARN_ENUM_CONVERSION = YES;
				CLANG_WARN_INFINITE_RECURSION = YES;
				CLANG_WARN_INT_CONVERSION = YES;
				CLANG_WARN_NON_LITERAL_NULL_CONVERSION = YES;
				CLANG_WARN_OBJC_IMPLICIT_RETAIN_SELF = YES;
				CLANG_WARN_OBJC_LITERAL_CONVERSION = YES;
				CLANG_WARN_OBJC_ROOT_CLASS = YES_ERROR;
				CLANG_WARN_QUOTED_INCLUDE_IN_FRAMEWORK_HEADER = YES;
				CLANG_WARN_RANGE_LOOP_ANALYSIS = YES;
				CLANG_WARN_STRICT_PROTOTYPES = YES;
				CLANG_WARN_SUSPICIOUS_MOVE = YES;
				CLANG_WARN_UNGUARDED_AVAILABILITY = YES_AGGRESSIVE;
				CLANG_WARN_UNREACHABLE_CODE = YES;
				CLANG_WARN__DUPLICATE_METHOD_MATCH = YES;
				COPY_PHASE_STRIP = NO;
				DEBUG_INFORMATION_FORMAT = dwarf;
				ENABLE_STRICT_OBJC_MSGSEND = YES;
				ENABLE_TESTABILITY = YES;
				ENABLE_USER_SCRIPT_SANDBOXING = YES;
				GCC_C_LANGUAGE_STANDARD = gnu17;
				GCC_DYNAMIC_NO_PIC = NO;
				GCC_NO_COMMON_BLOCKS = YES;
				GCC_OPTIMIZATION_LEVEL = 0;
				GCC_PREPROCESSOR_DEFINITIONS = (
					"DEBUG=1",
					"$(inherited)",
				);
				GCC_WARN_64_TO_32_BIT_CONVERSION = YES;
				GCC_WARN_ABOUT_RETURN_TYPE = YES_ERROR;
				GCC_WARN_UNDECLARED_SELECTOR = YES;
				GCC_WARN_UNINITIALIZED_AUTOS = YES_AGGRESSIVE;
				GCC_WARN_UNUSED_FUNCTION = YES;
				GCC_WARN_UNUSED_VARIABLE = YES;
				IPHONEOS_DEPLOYMENT_TARGET = 17.4;
				LOCALIZATION_PREFERS_STRING_CATALOGS = YES;
				MTL_ENABLE_DEBUG_INFO = INCLUDE_SOURCE;
				MTL_FAST_MATH = YES;
				ONLY_ACTIVE_ARCH = YES;
				SDKROOT = iphoneos;
				SWIFT_ACTIVE_COMPILATION_CONDITIONS = "DEBUG $(inherited)";
				SWIFT_OPTIMIZATION_LEVEL = "-Onone";
			};
			name = Debug;
		};
		73E556D82BFEAB9000733C0D /* Release */ = {
			isa = XCBuildConfiguration;
			buildSettings = {
				ALWAYS_SEARCH_USER_PATHS = NO;
				ASSETCATALOG_COMPILER_GENERATE_SWIFT_ASSET_SYMBOL_EXTENSIONS = YES;
				CLANG_ANALYZER_NONNULL = YES;
				CLANG_ANALYZER_NUMBER_OBJECT_CONVERSION = YES_AGGRESSIVE;
				CLANG_CXX_LANGUAGE_STANDARD = "gnu++20";
				CLANG_ENABLE_MODULES = YES;
				CLANG_ENABLE_OBJC_ARC = YES;
				CLANG_ENABLE_OBJC_WEAK = YES;
				CLANG_WARN_BLOCK_CAPTURE_AUTORELEASING = YES;
				CLANG_WARN_BOOL_CONVERSION = YES;
				CLANG_WARN_COMMA = YES;
				CLANG_WARN_CONSTANT_CONVERSION = YES;
				CLANG_WARN_DEPRECATED_OBJC_IMPLEMENTATIONS = YES;
				CLANG_WARN_DIRECT_OBJC_ISA_USAGE = YES_ERROR;
				CLANG_WARN_DOCUMENTATION_COMMENTS = YES;
				CLANG_WARN_EMPTY_BODY = YES;
				CLANG_WARN_ENUM_CONVERSION = YES;
				CLANG_WARN_INFINITE_RECURSION = YES;
				CLANG_WARN_INT_CONVERSION = YES;
				CLANG_WARN_NON_LITERAL_NULL_CONVERSION = YES;
				CLANG_WARN_OBJC_IMPLICIT_RETAIN_SELF = YES;
				CLANG_WARN_OBJC_LITERAL_CONVERSION = YES;
				CLANG_WARN_OBJC_ROOT_CLASS = YES_ERROR;
				CLANG_WARN_QUOTED_INCLUDE_IN_FRAMEWORK_HEADER = YES;
				CLANG_WARN_RANGE_LOOP_ANALYSIS = YES;
				CLANG_WARN_STRICT_PROTOTYPES = YES;
				CLANG_WARN_SUSPICIOUS_MOVE = YES;
				CLANG_WARN_UNGUARDED_AVAILABILITY = YES_AGGRESSIVE;
				CLANG_WARN_UNREACHABLE_CODE = YES;
				CLANG_WARN__DUPLICATE_METHOD_MATCH = YES;
				COPY_PHASE_STRIP = NO;
				DEBUG_INFORMATION_FORMAT = "dwarf-with-dsym";
				ENABLE_NS_ASSERTIONS = NO;
				ENABLE_STRICT_OBJC_MSGSEND = YES;
				ENABLE_USER_SCRIPT_SANDBOXING = YES;
				GCC_C_LANGUAGE_STANDARD = gnu17;
				GCC_NO_COMMON_BLOCKS = YES;
				GCC_WARN_64_TO_32_BIT_CONVERSION = YES;
				GCC_WARN_ABOUT_RETURN_TYPE = YES_ERROR;
				GCC_WARN_UNDECLARED_SELECTOR = YES;
				GCC_WARN_UNINITIALIZED_AUTOS = YES_AGGRESSIVE;
				GCC_WARN_UNUSED_FUNCTION = YES;
				GCC_WARN_UNUSED_VARIABLE = YES;
				IPHONEOS_DEPLOYMENT_TARGET = 17.4;
				LOCALIZATION_PREFERS_STRING_CATALOGS = YES;
				MTL_ENABLE_DEBUG_INFO = NO;
				MTL_FAST_MATH = YES;
				SDKROOT = iphoneos;
				SWIFT_COMPILATION_MODE = wholemodule;
				VALIDATE_PRODUCT = YES;
			};
			name = Release;
		};
		73E556DA2BFEAB9000733C0D /* Debug */ = {
			isa = XCBuildConfiguration;
			buildSettings = {
				ASSETCATALOG_COMPILER_APPICON_NAME = AppIcon;
				ASSETCATALOG_COMPILER_GLOBAL_ACCENT_COLOR_NAME = AccentColor;
				CODE_SIGN_STYLE = Automatic;
				CURRENT_PROJECT_VERSION = 1;
				DEVELOPMENT_ASSET_PATHS = "\"keyboxi/Preview Content\"";
				ENABLE_PREVIEWS = YES;
				GENERATE_INFOPLIST_FILE = YES;
				HEADER_SEARCH_PATHS = "";
				INFOPLIST_KEY_UIApplicationSceneManifest_Generation = YES;
				INFOPLIST_KEY_UIApplicationSupportsIndirectInputEvents = YES;
				INFOPLIST_KEY_UILaunchScreen_Generation = YES;
				INFOPLIST_KEY_UISupportedInterfaceOrientations_iPad = "UIInterfaceOrientationPortrait UIInterfaceOrientationPortraitUpsideDown UIInterfaceOrientationLandscapeLeft UIInterfaceOrientationLandscapeRight";
				INFOPLIST_KEY_UISupportedInterfaceOrientations_iPhone = "UIInterfaceOrientationPortrait UIInterfaceOrientationLandscapeLeft UIInterfaceOrientationLandscapeRight";
				LD_RUNPATH_SEARCH_PATHS = (
					"$(inherited)",
					"@executable_path/Frameworks",
				);
				LIBRARY_SEARCH_PATHS = ../iosbuild/Debug;
				MARKETING_VERSION = 1.0;
				OTHER_LDFLAGS = "-lc++";
				PRODUCT_BUNDLE_IDENTIFIER = com.k3ybox.keyboxi;
				PRODUCT_NAME = "$(TARGET_NAME)";
				SWIFT_EMIT_LOC_STRINGS = YES;
				SWIFT_OBJC_BRIDGING_HEADER = keyboxi/objc_bridge.h;
				SWIFT_VERSION = 5.0;
				TARGETED_DEVICE_FAMILY = "1,2";
			};
			name = Debug;
		};
		73E556DB2BFEAB9000733C0D /* Release */ = {
			isa = XCBuildConfiguration;
			buildSettings = {
				ASSETCATALOG_COMPILER_APPICON_NAME = AppIcon;
				ASSETCATALOG_COMPILER_GLOBAL_ACCENT_COLOR_NAME = AccentColor;
				CODE_SIGN_STYLE = Automatic;
				CURRENT_PROJECT_VERSION = 1;
				DEVELOPMENT_ASSET_PATHS = "\"keyboxi/Preview Content\"";
				ENABLE_PREVIEWS = YES;
				GENERATE_INFOPLIST_FILE = YES;
				HEADER_SEARCH_PATHS = "";
				INFOPLIST_KEY_UIApplicationSceneManifest_Generation = YES;
				INFOPLIST_KEY_UIApplicationSupportsIndirectInputEvents = YES;
				INFOPLIST_KEY_UILaunchScreen_Generation = YES;
				INFOPLIST_KEY_UISupportedInterfaceOrientations_iPad = "UIInterfaceOrientationPortrait UIInterfaceOrientationPortraitUpsideDown UIInterfaceOrientationLandscapeLeft UIInterfaceOrientationLandscapeRight";
				INFOPLIST_KEY_UISupportedInterfaceOrientations_iPhone = "UIInterfaceOrientationPortrait UIInterfaceOrientationLandscapeLeft UIInterfaceOrientationLandscapeRight";
				LD_RUNPATH_SEARCH_PATHS = (
					"$(inherited)",
					"@executable_path/Frameworks",
				);
				LIBRARY_SEARCH_PATHS = ../iosbuild/Release;
				MARKETING_VERSION = 1.0;
				OTHER_LDFLAGS = "-lc++";
				PRODUCT_BUNDLE_IDENTIFIER = com.k3ybox.keyboxi;
				PRODUCT_NAME = "$(TARGET_NAME)";
				SWIFT_EMIT_LOC_STRINGS = YES;
				SWIFT_OBJC_BRIDGING_HEADER = keyboxi/objc_bridge.h;
				SWIFT_VERSION = 5.0;
				TARGETED_DEVICE_FAMILY = "1,2";
			};
			name = Release;
		};
		73E556DD2BFEAB9000733C0D /* Debug */ = {
			isa = XCBuildConfiguration;
			buildSettings = {
				ALWAYS_EMBED_SWIFT_STANDARD_LIBRARIES = YES;
				BUNDLE_LOADER = "$(TEST_HOST)";
				CODE_SIGN_STYLE = Automatic;
				CURRENT_PROJECT_VERSION = 1;
				GENERATE_INFOPLIST_FILE = YES;
				IPHONEOS_DEPLOYMENT_TARGET = 17.4;
				MARKETING_VERSION = 1.0;
				PRODUCT_BUNDLE_IDENTIFIER = com.k3ybox.keyboxiTests;
				PRODUCT_NAME = "$(TARGET_NAME)";
				SWIFT_EMIT_LOC_STRINGS = NO;
				SWIFT_VERSION = 5.0;
				TARGETED_DEVICE_FAMILY = "1,2";
				TEST_HOST = "$(BUILT_PRODUCTS_DIR)/keyboxi.app/$(BUNDLE_EXECUTABLE_FOLDER_PATH)/keyboxi";
			};
			name = Debug;
		};
		73E556DE2BFEAB9000733C0D /* Release */ = {
			isa = XCBuildConfiguration;
			buildSettings = {
				ALWAYS_EMBED_SWIFT_STANDARD_LIBRARIES = YES;
				BUNDLE_LOADER = "$(TEST_HOST)";
				CODE_SIGN_STYLE = Automatic;
				CURRENT_PROJECT_VERSION = 1;
				GENERATE_INFOPLIST_FILE = YES;
				IPHONEOS_DEPLOYMENT_TARGET = 17.4;
				MARKETING_VERSION = 1.0;
				PRODUCT_BUNDLE_IDENTIFIER = com.k3ybox.keyboxiTests;
				PRODUCT_NAME = "$(TARGET_NAME)";
				SWIFT_EMIT_LOC_STRINGS = NO;
				SWIFT_VERSION = 5.0;
				TARGETED_DEVICE_FAMILY = "1,2";
				TEST_HOST = "$(BUILT_PRODUCTS_DIR)/keyboxi.app/$(BUNDLE_EXECUTABLE_FOLDER_PATH)/keyboxi";
			};
			name = Release;
		};
		73E556E02BFEAB9000733C0D /* Debug */ = {
			isa = XCBuildConfiguration;
			buildSettings = {
				ALWAYS_EMBED_SWIFT_STANDARD_LIBRARIES = YES;
				CODE_SIGN_STYLE = Automatic;
				CURRENT_PROJECT_VERSION = 1;
				GENERATE_INFOPLIST_FILE = YES;
				MARKETING_VERSION = 1.0;
				PRODUCT_BUNDLE_IDENTIFIER = com.k3ybox.keyboxiUITests;
				PRODUCT_NAME = "$(TARGET_NAME)";
				SWIFT_EMIT_LOC_STRINGS = NO;
				SWIFT_VERSION = 5.0;
				TARGETED_DEVICE_FAMILY = "1,2";
				TEST_TARGET_NAME = keyboxi;
			};
			name = Debug;
		};
		73E556E12BFEAB9000733C0D /* Release */ = {
			isa = XCBuildConfiguration;
			buildSettings = {
				ALWAYS_EMBED_SWIFT_STANDARD_LIBRARIES = YES;
				CODE_SIGN_STYLE = Automatic;
				CURRENT_PROJECT_VERSION = 1;
				GENERATE_INFOPLIST_FILE = YES;
				MARKETING_VERSION = 1.0;
				PRODUCT_BUNDLE_IDENTIFIER = com.k3ybox.keyboxiUITests;
				PRODUCT_NAME = "$(TARGET_NAME)";
				SWIFT_EMIT_LOC_STRINGS = NO;
				SWIFT_VERSION = 5.0;
				TARGETED_DEVICE_FAMILY = "1,2";
				TEST_TARGET_NAME = keyboxi;
			};
			name = Release;
		};
		73E556F82BFEB3EE00733C0D /* Debug */ = {
			isa = XCBuildConfiguration;
			buildSettings = {
				CODE_SIGN_STYLE = Automatic;
				HEADER_SEARCH_PATHS = /usr/include;
				OTHER_LDFLAGS = "-ObjC";
				PRODUCT_NAME = "$(TARGET_NAME)";
				SKIP_INSTALL = YES;
				SWIFT_VERSION = 5.0;
				TARGETED_DEVICE_FAMILY = "1,2";
			};
			name = Debug;
		};
		73E556F92BFEB3EE00733C0D /* Release */ = {
			isa = XCBuildConfiguration;
			buildSettings = {
				CODE_SIGN_STYLE = Automatic;
				HEADER_SEARCH_PATHS = /usr/include;
				OTHER_LDFLAGS = "-ObjC";
				PRODUCT_NAME = "$(TARGET_NAME)";
				SKIP_INSTALL = YES;
				SWIFT_VERSION = 5.0;
				TARGETED_DEVICE_FAMILY = "1,2";
			};
			name = Release;
		};
/* End XCBuildConfiguration section */

/* Begin XCConfigurationList section */
		73E556B02BFEAB8E00733C0D /* Build configuration list for PBXProject "keyboxi" */ = {
			isa = XCConfigurationList;
			buildConfigurations = (
				73E556D72BFEAB9000733C0D /* Debug */,
				73E556D82BFEAB9000733C0D /* Release */,
			);
			defaultConfigurationIsVisible = 0;
			defaultConfigurationName = Release;
		};
		73E556D92BFEAB9000733C0D /* Build configuration list for PBXNativeTarget "keyboxi" */ = {
			isa = XCConfigurationList;
			buildConfigurations = (
				73E556DA2BFEAB9000733C0D /* Debug */,
				73E556DB2BFEAB9000733C0D /* Release */,
			);
			defaultConfigurationIsVisible = 0;
			defaultConfigurationName = Release;
		};
		73E556DC2BFEAB9000733C0D /* Build configuration list for PBXNativeTarget "keyboxiTests" */ = {
			isa = XCConfigurationList;
			buildConfigurations = (
				73E556DD2BFEAB9000733C0D /* Debug */,
				73E556DE2BFEAB9000733C0D /* Release */,
			);
			defaultConfigurationIsVisible = 0;
			defaultConfigurationName = Release;
		};
		73E556DF2BFEAB9000733C0D /* Build configuration list for PBXNativeTarget "keyboxiUITests" */ = {
			isa = XCConfigurationList;
			buildConfigurations = (
				73E556E02BFEAB9000733C0D /* Debug */,
				73E556E12BFEAB9000733C0D /* Release */,
			);
			defaultConfigurationIsVisible = 0;
			defaultConfigurationName = Release;
		};
		73E556F72BFEB3EE00733C0D /* Build configuration list for PBXNativeTarget "objcWrap" */ = {
			isa = XCConfigurationList;
			buildConfigurations = (
				73E556F82BFEB3EE00733C0D /* Debug */,
				73E556F92BFEB3EE00733C0D /* Release */,
			);
			defaultConfigurationIsVisible = 0;
			defaultConfigurationName = Release;
		};
/* End XCConfigurationList section */
	};
	rootObject = 73E556AD2BFEAB8E00733C0D /* Project object */;
}
