// !$*UTF8*$!
{
	archiveVersion = 1;
	classes = {
	};
	objectVersion = 54;
	objects = {

/* Begin PBXAggregateTarget section */
		4FF2EAF028086B1E9F810223 /* ZERO_CHECK */ = {
			isa = PBXAggregateTarget;
			buildConfigurationList = F36A05D325224C0593CAFD96 /* Build configuration list for PBXAggregateTarget "ZERO_CHECK" */;
			buildPhases = (
				B049234CAD7873C4C176E8DA /* Generate CMakeFiles/ZERO_CHECK */,
			);
			dependencies = (
			);
			name = ZERO_CHECK;
			productName = ZERO_CHECK;
		};
		EF12FC808A70E0D1C5CE9372 /* ALL_BUILD */ = {
			isa = PBXAggregateTarget;
			buildConfigurationList = CC971DAC98B647A28D909920 /* Build configuration list for PBXAggregateTarget "ALL_BUILD" */;
			buildPhases = (
				A9E7AB0FB17F2E6934088D05 /* Generate CMakeFiles/ALL_BUILD */,
			);
			dependencies = (
				D85AC01FF67348C3A01C5091 /* PBXTargetDependency */,
				FCD70E57D294467AACBB4E98 /* PBXTargetDependency */,
			);
			name = ALL_BUILD;
			productName = ALL_BUILD;
		};
/* End PBXAggregateTarget section */

/* Begin PBXBuildFile section */
		0406B6CC108B42FF8FA106B9 /* KeepassReader.cpp in Sources */ = {isa = PBXBuildFile; fileRef = A61513C5CBC643DDAF6356EA /* KeepassReader.cpp */; };
		0528344F538B433691B09863 /* CipherEngine_mac.cpp in Sources */ = {isa = PBXBuildFile; fileRef = 6C19A43A56E240E7B9667A70 /* CipherEngine_mac.cpp */; };
		09AF64C16ADD4B4880B82850 /* CKBFileHeader.cpp in Sources */ = {isa = PBXBuildFile; fileRef = 9E53D0F7612B46E1871688CA /* CKBFileHeader.cpp */; };
		120FC5700ED347C8B4EA5490 /* Salsa20Cipher.cpp in Sources */ = {isa = PBXBuildFile; fileRef = 8DF5F828A9A84DC7A29F5D13 /* Salsa20Cipher.cpp */; };
		1F5BDDF8A843491CA410597D /* CMaskedBlob.cpp in Sources */ = {isa = PBXBuildFile; fileRef = 030CDD48AE814FB68E7AF9C6 /* CMaskedBlob.cpp */; };
		44377548B80A4656A7614734 /* Base64Coder.cpp in Sources */ = {isa = PBXBuildFile; fileRef = 955E042879714D28BB5AB66B /* Base64Coder.cpp */; };
		8054BC06D6284031BADA571B /* CPwdGroup.cpp in Sources */ = {isa = PBXBuildFile; fileRef = 16FF18F4ADF54C3292453242 /* CPwdGroup.cpp */; };
		883425E8C2984BC38337E468 /* CPwdEntry.cpp in Sources */ = {isa = PBXBuildFile; fileRef = 558DD3C6CC2F4A5299AF921A /* CPwdEntry.cpp */; };
		8E8FBA8CD3E04E76BAF6C21A /* CRequest.cpp in Sources */ = {isa = PBXBuildFile; fileRef = E0B8C86B139E4FB2A693F02D /* CRequest.cpp */; };
		B05A41E68A8440C5B1B6653B /* CPasswordGenerator.cpp in Sources */ = {isa = PBXBuildFile; fileRef = A8EBD3DD6258449CB4A17784 /* CPasswordGenerator.cpp */; };
		C80789C482E14C70B6B9CF8D /* InitGlobalRG_mac.cpp in Sources */ = {isa = PBXBuildFile; fileRef = 3A60C81CCDA74D98B8EEC729 /* InitGlobalRG_mac.cpp */; };
		CC1895EEF59F40CABB32FB2B /* CRandomGenerator.cpp in Sources */ = {isa = PBXBuildFile; fileRef = E6F14280012E4A0A90D6E66E /* CRandomGenerator.cpp */; };
		D3BD7300F3AD4C56872B68A1 /* CAsymmetricKeyPair.cpp in Sources */ = {isa = PBXBuildFile; fileRef = E474DC450D404473A104B99D /* CAsymmetricKeyPair.cpp */; };
		D6BC674CBEB74FFDB720F4BC /* CGZcompressor.cpp in Sources */ = {isa = PBXBuildFile; fileRef = E4876FA57D574928A16784A6 /* CGZcompressor.cpp */; };
		DD95FAC32E3A42D1A831EB95 /* CKBFile.cpp in Sources */ = {isa = PBXBuildFile; fileRef = 2FD089CB1F264CE7B39C64C6 /* CKBFile.cpp */; };
/* End PBXBuildFile section */

/* Begin PBXContainerItemProxy section */
		1EF31A473DBD4E6FB40495EA /* PBXContainerItemProxy */ = {
			isa = PBXContainerItemProxy;
			containerPortal = 9B44B37DD52E4FBFA101363F /* Project object */;
			proxyType = 1;
			remoteGlobalIDString = 4FF2EAF028086B1E9F810223;
			remoteInfo = ZERO_CHECK;
		};
		AFE8EFA343974EA38682EB4E /* PBXContainerItemProxy */ = {
			isa = PBXContainerItemProxy;
			containerPortal = 9B44B37DD52E4FBFA101363F /* Project object */;
			proxyType = 1;
			remoteGlobalIDString = 4FF2EAF028086B1E9F810223;
			remoteInfo = ZERO_CHECK;
		};
		DD2EB3FCF12D427DA147A441 /* PBXContainerItemProxy */ = {
			isa = PBXContainerItemProxy;
			containerPortal = 9B44B37DD52E4FBFA101363F /* Project object */;
			proxyType = 1;
			remoteGlobalIDString = F5DEAE72CF04F81B7A0E42B9;
			remoteInfo = utilities;
		};
/* End PBXContainerItemProxy section */

/* Begin PBXFileReference section */
		030CDD48AE814FB68E7AF9C6 /* CMaskedBlob.cpp */ = {isa = PBXFileReference; explicitFileType = sourcecode.cpp.cpp; fileEncoding = 4; path = CMaskedBlob.cpp; sourceTree = SOURCE_ROOT; };
		13C302DEEB9F48AAA6D4F3E6 /* CRequest.h */ = {isa = PBXFileReference; explicitFileType = sourcecode.c.h; fileEncoding = 4; path = CRequest.h; sourceTree = SOURCE_ROOT; };
		15BB039578D440B4A280A977 /* CKBFileHeader.h */ = {isa = PBXFileReference; explicitFileType = sourcecode.c.h; fileEncoding = 4; path = CKBFileHeader.h; sourceTree = SOURCE_ROOT; };
		16FF18F4ADF54C3292453242 /* CPwdGroup.cpp */ = {isa = PBXFileReference; explicitFileType = sourcecode.cpp.cpp; fileEncoding = 4; path = CPwdGroup.cpp; sourceTree = SOURCE_ROOT; };
		2A2BBF64A7A94EB797A8528D /* CPwdEntry.h */ = {isa = PBXFileReference; explicitFileType = sourcecode.c.h; fileEncoding = 4; path = CPwdEntry.h; sourceTree = SOURCE_ROOT; };
		2FD089CB1F264CE7B39C64C6 /* CKBFile.cpp */ = {isa = PBXFileReference; explicitFileType = sourcecode.cpp.cpp; fileEncoding = 4; path = CKBFile.cpp; sourceTree = SOURCE_ROOT; };
		37A0D2B41B7A4B409B33D3F1 /* CMaskedBlob.h */ = {isa = PBXFileReference; explicitFileType = sourcecode.c.h; fileEncoding = 4; path = CMaskedBlob.h; sourceTree = SOURCE_ROOT; };
		3A60C81CCDA74D98B8EEC729 /* InitGlobalRG_mac.cpp */ = {isa = PBXFileReference; explicitFileType = sourcecode.cpp.cpp; fileEncoding = 4; path = InitGlobalRG_mac.cpp; sourceTree = SOURCE_ROOT; };
		40D6FA2D43864F0B981111C2 /* Salsa20Cipher.h */ = {isa = PBXFileReference; explicitFileType = sourcecode.c.h; fileEncoding = 4; path = Salsa20Cipher.h; sourceTree = SOURCE_ROOT; };
		424FEF7AC2EB4859AC9FD2B3 /* CPasswordGenerator.h */ = {isa = PBXFileReference; explicitFileType = sourcecode.c.h; fileEncoding = 4; path = CPasswordGenerator.h; sourceTree = SOURCE_ROOT; };
		479CAC27776D4F0EB7327298 /* CRandomGenerator.h */ = {isa = PBXFileReference; explicitFileType = sourcecode.c.h; fileEncoding = 4; path = CRandomGenerator.h; sourceTree = SOURCE_ROOT; };
		4AD0B9DF22704F5F9C135449 /* KeepassReader.h */ = {isa = PBXFileReference; explicitFileType = sourcecode.c.h; fileEncoding = 4; path = KeepassReader.h; sourceTree = SOURCE_ROOT; };
		4ECF9CB8AF7C42BDAAC3EC99 /* CGZcompressor.h */ = {isa = PBXFileReference; explicitFileType = sourcecode.c.h; fileEncoding = 4; path = CGZcompressor.h; sourceTree = SOURCE_ROOT; };
		558DD3C6CC2F4A5299AF921A /* CPwdEntry.cpp */ = {isa = PBXFileReference; explicitFileType = sourcecode.cpp.cpp; fileEncoding = 4; path = CPwdEntry.cpp; sourceTree = SOURCE_ROOT; };
		62D7E08E6D9E402F8B42C6A2 /* CKBFile.h */ = {isa = PBXFileReference; explicitFileType = sourcecode.c.h; fileEncoding = 4; path = CKBFile.h; sourceTree = SOURCE_ROOT; };
		6C19A43A56E240E7B9667A70 /* CipherEngine_mac.cpp */ = {isa = PBXFileReference; explicitFileType = sourcecode.cpp.cpp; fileEncoding = 4; path = CipherEngine_mac.cpp; sourceTree = SOURCE_ROOT; };
		701B88733E4D4E5094E8DF93 /* InitGlobalRG.h */ = {isa = PBXFileReference; explicitFileType = sourcecode.c.h; fileEncoding = 4; path = InitGlobalRG.h; sourceTree = SOURCE_ROOT; };
		7BDC213B299C47A58A182DB7 /* CipherEngine.h */ = {isa = PBXFileReference; explicitFileType = sourcecode.c.h; fileEncoding = 4; path = CipherEngine.h; sourceTree = SOURCE_ROOT; };
		8BA3CF58E3E842C0B65F7521 /* CPwdGroup.h */ = {isa = PBXFileReference; explicitFileType = sourcecode.c.h; fileEncoding = 4; path = CPwdGroup.h; sourceTree = SOURCE_ROOT; };
		8DF5F828A9A84DC7A29F5D13 /* Salsa20Cipher.cpp */ = {isa = PBXFileReference; explicitFileType = sourcecode.cpp.cpp; fileEncoding = 4; path = Salsa20Cipher.cpp; sourceTree = SOURCE_ROOT; };
		955E042879714D28BB5AB66B /* Base64Coder.cpp */ = {isa = PBXFileReference; explicitFileType = sourcecode.cpp.cpp; fileEncoding = 4; path = Base64Coder.cpp; sourceTree = SOURCE_ROOT; };
		99299AF4775C43AD9B711C76 /* Base64Coder.h */ = {isa = PBXFileReference; explicitFileType = sourcecode.c.h; fileEncoding = 4; path = Base64Coder.h; sourceTree = SOURCE_ROOT; };
		9E53D0F7612B46E1871688CA /* CKBFileHeader.cpp */ = {isa = PBXFileReference; explicitFileType = sourcecode.cpp.cpp; fileEncoding = 4; path = CKBFileHeader.cpp; sourceTree = SOURCE_ROOT; };
		A61513C5CBC643DDAF6356EA /* KeepassReader.cpp */ = {isa = PBXFileReference; explicitFileType = sourcecode.cpp.cpp; fileEncoding = 4; path = KeepassReader.cpp; sourceTree = SOURCE_ROOT; };
		A8EBD3DD6258449CB4A17784 /* CPasswordGenerator.cpp */ = {isa = PBXFileReference; explicitFileType = sourcecode.cpp.cpp; fileEncoding = 4; path = CPasswordGenerator.cpp; sourceTree = SOURCE_ROOT; };
		C45C7747FB5C4F268FC51914 /* libutilities.a */ = {isa = PBXFileReference; explicitFileType = archive.ar; path = libutilities.a; sourceTree = BUILT_PRODUCTS_DIR; };
		D8483E6191D6452A947869A7 /* CMakeLists.txt */ = {isa = PBXFileReference; explicitFileType = sourcecode.text; fileEncoding = 4; lastKnownFileType = text; path = CMakeLists.txt; sourceTree = SOURCE_ROOT; };
		E0B8C86B139E4FB2A693F02D /* CRequest.cpp */ = {isa = PBXFileReference; explicitFileType = sourcecode.cpp.cpp; fileEncoding = 4; path = CRequest.cpp; sourceTree = SOURCE_ROOT; };
		E474DC450D404473A104B99D /* CAsymmetricKeyPair.cpp */ = {isa = PBXFileReference; explicitFileType = sourcecode.cpp.cpp; fileEncoding = 4; path = CAsymmetricKeyPair.cpp; sourceTree = SOURCE_ROOT; };
		E4876FA57D574928A16784A6 /* CGZcompressor.cpp */ = {isa = PBXFileReference; explicitFileType = sourcecode.cpp.cpp; fileEncoding = 4; path = CGZcompressor.cpp; sourceTree = SOURCE_ROOT; };
		E6F14280012E4A0A90D6E66E /* CRandomGenerator.cpp */ = {isa = PBXFileReference; explicitFileType = sourcecode.cpp.cpp; fileEncoding = 4; path = CRandomGenerator.cpp; sourceTree = SOURCE_ROOT; };
		F4A52796EE4D4E238D3E05B6 /* CMakeLists.txt */ = {isa = PBXFileReference; explicitFileType = sourcecode.text; fileEncoding = 4; lastKnownFileType = text; path = CMakeLists.txt; sourceTree = SOURCE_ROOT; };
		FEE1FA10783F4525A05D0B75 /* win32_handler.h */ = {isa = PBXFileReference; explicitFileType = sourcecode.c.h; fileEncoding = 4; path = win32_handler.h; sourceTree = SOURCE_ROOT; };
/* End PBXFileReference section */

/* Begin PBXFrameworksBuildPhase section */
		E7BCAA2B64F541559D3B3436 /* Frameworks */ = {
			isa = PBXFrameworksBuildPhase;
			buildActionMask = 2147483647;
			files = (
			);
			runOnlyForDeploymentPostprocessing = 0;
		};
/* End PBXFrameworksBuildPhase section */

/* Begin PBXGroup section */
		059D3F3E2BB6460EAB8E7966 /* ALL_BUILD */ = {
			isa = PBXGroup;
			children = (
				DDE091D717DE451F99BE83EF /* CMake Rules */,
				D8483E6191D6452A947869A7 /* CMakeLists.txt */,
			);
			name = ALL_BUILD;
			sourceTree = "<group>";
		};
		10C2A533E55B4BF4A0078844 /* Frameworks */ = {
			isa = PBXGroup;
			children = (
			);
			name = Frameworks;
			sourceTree = "<group>";
		};
		4C9F60ADAD68476BA55A99FF /* Header Files */ = {
			isa = PBXGroup;
			children = (
				99299AF4775C43AD9B711C76 /* Base64Coder.h */,
				4ECF9CB8AF7C42BDAAC3EC99 /* CGZcompressor.h */,
				62D7E08E6D9E402F8B42C6A2 /* CKBFile.h */,
				15BB039578D440B4A280A977 /* CKBFileHeader.h */,
				37A0D2B41B7A4B409B33D3F1 /* CMaskedBlob.h */,
				424FEF7AC2EB4859AC9FD2B3 /* CPasswordGenerator.h */,
				2A2BBF64A7A94EB797A8528D /* CPwdEntry.h */,
				8BA3CF58E3E842C0B65F7521 /* CPwdGroup.h */,
				479CAC27776D4F0EB7327298 /* CRandomGenerator.h */,
				13C302DEEB9F48AAA6D4F3E6 /* CRequest.h */,
				7BDC213B299C47A58A182DB7 /* CipherEngine.h */,
				701B88733E4D4E5094E8DF93 /* InitGlobalRG.h */,
				4AD0B9DF22704F5F9C135449 /* KeepassReader.h */,
				40D6FA2D43864F0B981111C2 /* Salsa20Cipher.h */,
				FEE1FA10783F4525A05D0B75 /* win32_handler.h */,
			);
			name = "Header Files";
			sourceTree = "<group>";
		};
		5F8C3D6ABAB74340B4EEBC36 = {
			isa = PBXGroup;
			children = (
				EA193E4FB0F0476C8B7C3397 /* utilities */,
				059D3F3E2BB6460EAB8E7966 /* ALL_BUILD */,
				778BE294C9E841D2BA91297D /* Products */,
				10C2A533E55B4BF4A0078844 /* Frameworks */,
				9ACB7288B39A401C97D89B1B /* Resources */,
			);
			sourceTree = "<group>";
		};
		778BE294C9E841D2BA91297D /* Products */ = {
			isa = PBXGroup;
			children = (
				C45C7747FB5C4F268FC51914 /* libutilities.a */,
			);
			name = Products;
			sourceTree = "<group>";
		};
		9ACB7288B39A401C97D89B1B /* Resources */ = {
			isa = PBXGroup;
			children = (
			);
			name = Resources;
			sourceTree = "<group>";
		};
		C7C3334AD5204EA3B1B0E9E3 /* Source Files */ = {
			isa = PBXGroup;
			children = (
				955E042879714D28BB5AB66B /* Base64Coder.cpp */,
				E474DC450D404473A104B99D /* CAsymmetricKeyPair.cpp */,
				E4876FA57D574928A16784A6 /* CGZcompressor.cpp */,
				2FD089CB1F264CE7B39C64C6 /* CKBFile.cpp */,
				9E53D0F7612B46E1871688CA /* CKBFileHeader.cpp */,
				030CDD48AE814FB68E7AF9C6 /* CMaskedBlob.cpp */,
				A8EBD3DD6258449CB4A17784 /* CPasswordGenerator.cpp */,
				558DD3C6CC2F4A5299AF921A /* CPwdEntry.cpp */,
				16FF18F4ADF54C3292453242 /* CPwdGroup.cpp */,
				E6F14280012E4A0A90D6E66E /* CRandomGenerator.cpp */,
				E0B8C86B139E4FB2A693F02D /* CRequest.cpp */,
				6C19A43A56E240E7B9667A70 /* CipherEngine_mac.cpp */,
				3A60C81CCDA74D98B8EEC729 /* InitGlobalRG_mac.cpp */,
				A61513C5CBC643DDAF6356EA /* KeepassReader.cpp */,
				8DF5F828A9A84DC7A29F5D13 /* Salsa20Cipher.cpp */,
			);
			name = "Source Files";
			sourceTree = "<group>";
		};
		DDE091D717DE451F99BE83EF /* CMake Rules */ = {
			isa = PBXGroup;
			children = (
			);
			name = "CMake Rules";
			sourceTree = "<group>";
		};
		EA193E4FB0F0476C8B7C3397 /* utilities */ = {
			isa = PBXGroup;
			children = (
				C7C3334AD5204EA3B1B0E9E3 /* Source Files */,
				4C9F60ADAD68476BA55A99FF /* Header Files */,
				F4A52796EE4D4E238D3E05B6 /* CMakeLists.txt */,
			);
			name = utilities;
			sourceTree = "<group>";
		};
/* End PBXGroup section */

/* Begin PBXNativeTarget section */
		F5DEAE72CF04F81B7A0E42B9 /* utilities */ = {
			isa = PBXNativeTarget;
			buildConfigurationList = ABB234F07EC54D668C43842B /* Build configuration list for PBXNativeTarget "utilities" */;
			buildPhases = (
				00A5D8874D0C4006B2F867E6 /* Sources */,
				E7BCAA2B64F541559D3B3436 /* Frameworks */,
			);
			buildRules = (
			);
			dependencies = (
				D12AC921ED344E0AAB872885 /* PBXTargetDependency */,
			);
			name = utilities;
			productName = utilities;
			productReference = C45C7747FB5C4F268FC51914 /* libutilities.a */;
			productType = "com.apple.product-type.library.static";
		};
/* End PBXNativeTarget section */

/* Begin PBXProject section */
		9B44B37DD52E4FBFA101363F /* Project object */ = {
			isa = PBXProject;
			attributes = {
				LastUpgradeCheck = 1640;
			};
			buildConfigurationList = D46D27C400414159B856D87C /* Build configuration list for PBXProject "keybox" */;
			compatibilityVersion = "Xcode 3.2";
			developmentRegion = en;
			hasScannedForEncodings = 0;
			knownRegions = (
				en,
				Base,
			);
			mainGroup = 5F8C3D6ABAB74340B4EEBC36;
			projectDirPath = /Users/tonglt/CLionProjects/keybox/utilities;
			projectRoot = "";
			targets = (
				EF12FC808A70E0D1C5CE9372 /* ALL_BUILD */,
				F5DEAE72CF04F81B7A0E42B9 /* utilities */,
				4FF2EAF028086B1E9F810223 /* ZERO_CHECK */,
			);
		};
/* End PBXProject section */

/* Begin PBXShellScriptBuildPhase section */
		A9E7AB0FB17F2E6934088D05 /* Generate CMakeFiles/ALL_BUILD */ = {
			isa = PBXShellScriptBuildPhase;
			alwaysOutOfDate = 1;
			buildActionMask = 2147483647;
			files = (
			);
			inputPaths = (
			);
			name = "Generate CMakeFiles/ALL_BUILD";
			outputPaths = (
				/Users/tonglt/CLionProjects/keybox/iosbuild/CMakeFiles/ALL_BUILD,
			);
			runOnlyForDeploymentPostprocessing = 0;
			shellPath = /bin/sh;
			shellScript = "set -e\nif test \"$CONFIGURATION\" = \"Debug\"; then :\n  cd /Users/tonglt/CLionProjects/keybox/iosbuild\n  echo Build\\ all\\ projects\nfi\nif test \"$CONFIGURATION\" = \"Release\"; then :\n  cd /Users/tonglt/CLionProjects/keybox/iosbuild\n  echo Build\\ all\\ projects\nfi\nif test \"$CONFIGURATION\" = \"MinSizeRel\"; then :\n  cd /Users/tonglt/CLionProjects/keybox/iosbuild\n  echo Build\\ all\\ projects\nfi\nif test \"$CONFIGURATION\" = \"RelWithDebInfo\"; then :\n  cd /Users/tonglt/CLionProjects/keybox/iosbuild\n  echo Build\\ all\\ projects\nfi\n";
			showEnvVarsInLog = 0;
		};
		B049234CAD7873C4C176E8DA /* Generate CMakeFiles/ZERO_CHECK */ = {
			isa = PBXShellScriptBuildPhase;
			alwaysOutOfDate = 1;
			buildActionMask = 2147483647;
			files = (
			);
			inputPaths = (
			);
			name = "Generate CMakeFiles/ZERO_CHECK";
			outputPaths = (
				/Users/tonglt/CLionProjects/keybox/iosbuild/CMakeFiles/ZERO_CHECK,
			);
			runOnlyForDeploymentPostprocessing = 0;
			shellPath = /bin/sh;
			shellScript = "set -e\nif test \"$CONFIGURATION\" = \"Debug\"; then :\n  cd /Users/tonglt/CLionProjects/keybox/iosbuild\n  make -f /Users/tonglt/CLionProjects/keybox/iosbuild/CMakeScripts/ReRunCMake.make\nfi\nif test \"$CONFIGURATION\" = \"Release\"; then :\n  cd /Users/tonglt/CLionProjects/keybox/iosbuild\n  make -f /Users/tonglt/CLionProjects/keybox/iosbuild/CMakeScripts/ReRunCMake.make\nfi\nif test \"$CONFIGURATION\" = \"MinSizeRel\"; then :\n  cd /Users/tonglt/CLionProjects/keybox/iosbuild\n  make -f /Users/tonglt/CLionProjects/keybox/iosbuild/CMakeScripts/ReRunCMake.make\nfi\nif test \"$CONFIGURATION\" = \"RelWithDebInfo\"; then :\n  cd /Users/tonglt/CLionProjects/keybox/iosbuild\n  make -f /Users/tonglt/CLionProjects/keybox/iosbuild/CMakeScripts/ReRunCMake.make\nfi\n";
			showEnvVarsInLog = 0;
		};
/* End PBXShellScriptBuildPhase section */

/* Begin PBXSourcesBuildPhase section */
		00A5D8874D0C4006B2F867E6 /* Sources */ = {
			isa = PBXSourcesBuildPhase;
			buildActionMask = 2147483647;
			files = (
				44377548B80A4656A7614734 /* Base64Coder.cpp in Sources */,
				D3BD7300F3AD4C56872B68A1 /* CAsymmetricKeyPair.cpp in Sources */,
				D6BC674CBEB74FFDB720F4BC /* CGZcompressor.cpp in Sources */,
				DD95FAC32E3A42D1A831EB95 /* CKBFile.cpp in Sources */,
				09AF64C16ADD4B4880B82850 /* CKBFileHeader.cpp in Sources */,
				1F5BDDF8A843491CA410597D /* CMaskedBlob.cpp in Sources */,
				B05A41E68A8440C5B1B6653B /* CPasswordGenerator.cpp in Sources */,
				883425E8C2984BC38337E468 /* CPwdEntry.cpp in Sources */,
				8054BC06D6284031BADA571B /* CPwdGroup.cpp in Sources */,
				CC1895EEF59F40CABB32FB2B /* CRandomGenerator.cpp in Sources */,
				8E8FBA8CD3E04E76BAF6C21A /* CRequest.cpp in Sources */,
				0528344F538B433691B09863 /* CipherEngine_mac.cpp in Sources */,
				C80789C482E14C70B6B9CF8D /* InitGlobalRG_mac.cpp in Sources */,
				0406B6CC108B42FF8FA106B9 /* KeepassReader.cpp in Sources */,
				120FC5700ED347C8B4EA5490 /* Salsa20Cipher.cpp in Sources */,
			);
			runOnlyForDeploymentPostprocessing = 0;
		};
/* End PBXSourcesBuildPhase section */

/* Begin PBXTargetDependency section */
		D12AC921ED344E0AAB872885 /* PBXTargetDependency */ = {
			isa = PBXTargetDependency;
			target = 4FF2EAF028086B1E9F810223 /* ZERO_CHECK */;
			targetProxy = 1EF31A473DBD4E6FB40495EA /* PBXContainerItemProxy */;
		};
		D85AC01FF67348C3A01C5091 /* PBXTargetDependency */ = {
			isa = PBXTargetDependency;
			target = F5DEAE72CF04F81B7A0E42B9 /* utilities */;
			targetProxy = DD2EB3FCF12D427DA147A441 /* PBXContainerItemProxy */;
		};
		FCD70E57D294467AACBB4E98 /* PBXTargetDependency */ = {
			isa = PBXTargetDependency;
			target = 4FF2EAF028086B1E9F810223 /* ZERO_CHECK */;
			targetProxy = AFE8EFA343974EA38682EB4E /* PBXContainerItemProxy */;
		};
/* End PBXTargetDependency section */

/* Begin XCBuildConfiguration section */
		0E33A4EC2B314242BA38ACB5 /* MinSizeRel */ = {
			isa = XCBuildConfiguration;
			buildSettings = {
				ALWAYS_SEARCH_USER_PATHS = NO;
				ARCHS = arm64;
				COMBINE_HIDPI_IMAGES = YES;
				GCC_GENERATE_DEBUGGING_SYMBOLS = YES;
				GCC_INLINES_ARE_PRIVATE_EXTERN = NO;
				GCC_OPTIMIZATION_LEVEL = 0;
				GCC_PREPROCESSOR_DEFINITIONS = (
					"'CMAKE_INTDIR=\"$(CONFIGURATION)$(EFFECTIVE_PLATFORM_NAME)\"'",
					"$(inherited)",
				);
				GCC_SYMBOLS_PRIVATE_EXTERN = NO;
				INSTALL_PATH = "";
				ONLY_ACTIVE_ARCH = NO;
				OTHER_LDFLAGS = " $(inherited)";
				OTHER_REZFLAGS = "";
				PRODUCT_NAME = ALL_BUILD;
				SDKROOT = iphoneos;
				SECTORDER_FLAGS = "";
				SUPPORTED_PLATFORMS = "iphonesimulator iphoneos";
				USE_HEADERMAP = NO;
				WARNING_CFLAGS = "$(inherited)";
			};
			name = MinSizeRel;
		};
		1DEDF9D4F45C422B9129EE80 /* RelWithDebInfo */ = {
			isa = XCBuildConfiguration;
			buildSettings = {
				ALWAYS_SEARCH_USER_PATHS = NO;
				ARCHS = arm64;
				COMBINE_HIDPI_IMAGES = YES;
				CONFIGURATION_BUILD_DIR = /Users/tonglt/CLionProjects/keybox/iosbuild/RelWithDebInfo;
				EXECUTABLE_PREFIX = lib;
				EXECUTABLE_SUFFIX = .a;
				GCC_GENERATE_DEBUGGING_SYMBOLS = YES;
				GCC_INLINES_ARE_PRIVATE_EXTERN = NO;
				GCC_OPTIMIZATION_LEVEL = 2;
				GCC_PREPROCESSOR_DEFINITIONS = (
					"'CMAKE_INTDIR=\"$(CONFIGURATION)$(EFFECTIVE_PLATFORM_NAME)\"'",
					"$(inherited)",
				);
				GCC_SYMBOLS_PRIVATE_EXTERN = NO;
				HEADER_SEARCH_PATHS = (
					/opt/homebrew/include,
					"/opt/homebrew/opt/openssl@3/include",
					"$(inherited)",
					/opt/homebrew/opt/curl/include,
				);
				INSTALL_PATH = "";
				LIBRARY_STYLE = STATIC;
				ONLY_ACTIVE_ARCH = NO;
				OTHER_CPLUSPLUSFLAGS = (
					"-DNDEBUG",
					"'-std=gnu++17'",
				);
				OTHER_LIBTOOLFLAGS = "";
				OTHER_REZFLAGS = "";
				PRODUCT_NAME = utilities;
				SDKROOT = iphoneos;
				SECTORDER_FLAGS = "";
				SUPPORTED_PLATFORMS = "iphonesimulator iphoneos";
				TARGET_TEMP_DIR = "/Users/tonglt/CLionProjects/keybox/iosbuild/build/utilities.build/$(CONFIGURATION)$(EFFECTIVE_PLATFORM_NAME)";
				USE_HEADERMAP = NO;
				WARNING_CFLAGS = "$(inherited)";
			};
			name = RelWithDebInfo;
		};
		3768107C8C71422F98CF1B3D /* Debug */ = {
			isa = XCBuildConfiguration;
			buildSettings = {
				ALWAYS_SEARCH_USER_PATHS = NO;
				ARCHS = arm64;
				COMBINE_HIDPI_IMAGES = YES;
				GCC_GENERATE_DEBUGGING_SYMBOLS = YES;
				GCC_INLINES_ARE_PRIVATE_EXTERN = NO;
				GCC_OPTIMIZATION_LEVEL = 0;
				GCC_PREPROCESSOR_DEFINITIONS = (
					"'CMAKE_INTDIR=\"$(CONFIGURATION)$(EFFECTIVE_PLATFORM_NAME)\"'",
					"$(inherited)",
				);
				GCC_SYMBOLS_PRIVATE_EXTERN = NO;
				INSTALL_PATH = "";
				ONLY_ACTIVE_ARCH = NO;
				OTHER_LDFLAGS = " $(inherited)";
				OTHER_REZFLAGS = "";
				PRODUCT_NAME = ALL_BUILD;
				SDKROOT = iphoneos;
				SECTORDER_FLAGS = "";
				SUPPORTED_PLATFORMS = "iphonesimulator iphoneos";
				USE_HEADERMAP = NO;
				WARNING_CFLAGS = "$(inherited)";
			};
			name = Debug;
		};
		58E3D2146BFE40E89F2EF001 /* Debug */ = {
			isa = XCBuildConfiguration;
			buildSettings = {
				ARCHS = arm64;
				SDKROOT = "";
				SYMROOT = /Users/tonglt/CLionProjects/keybox/iosbuild/build;
			};
			name = Debug;
		};
		5D101BAEAF0B48939B3D0DAE /* Release */ = {
			isa = XCBuildConfiguration;
			buildSettings = {
				ARCHS = arm64;
				SDKROOT = "";
				SWIFT_COMPILATION_MODE = wholemodule;
				SYMROOT = /Users/tonglt/CLionProjects/keybox/iosbuild/build;
			};
			name = Release;
		};
		6E0E49A6355748B5A5991891 /* RelWithDebInfo */ = {
			isa = XCBuildConfiguration;
			buildSettings = {
				ALWAYS_SEARCH_USER_PATHS = NO;
				ARCHS = arm64;
				COMBINE_HIDPI_IMAGES = YES;
				GCC_GENERATE_DEBUGGING_SYMBOLS = YES;
				GCC_INLINES_ARE_PRIVATE_EXTERN = NO;
				GCC_OPTIMIZATION_LEVEL = 0;
				GCC_PREPROCESSOR_DEFINITIONS = (
					"'CMAKE_INTDIR=\"$(CONFIGURATION)$(EFFECTIVE_PLATFORM_NAME)\"'",
					"$(inherited)",
				);
				GCC_SYMBOLS_PRIVATE_EXTERN = NO;
				INSTALL_PATH = "";
				ONLY_ACTIVE_ARCH = NO;
				OTHER_LDFLAGS = " $(inherited)";
				OTHER_REZFLAGS = "";
				PRODUCT_NAME = ZERO_CHECK;
				SDKROOT = iphoneos;
				SECTORDER_FLAGS = "";
				SUPPORTED_PLATFORMS = "iphonesimulator iphoneos";
				USE_HEADERMAP = NO;
				WARNING_CFLAGS = "$(inherited)";
			};
			name = RelWithDebInfo;
		};
		712ECF64124B4380B3E937BA /* RelWithDebInfo */ = {
			isa = XCBuildConfiguration;
			buildSettings = {
				ALWAYS_SEARCH_USER_PATHS = NO;
				ARCHS = arm64;
				COMBINE_HIDPI_IMAGES = YES;
				GCC_GENERATE_DEBUGGING_SYMBOLS = YES;
				GCC_INLINES_ARE_PRIVATE_EXTERN = NO;
				GCC_OPTIMIZATION_LEVEL = 0;
				GCC_PREPROCESSOR_DEFINITIONS = (
					"'CMAKE_INTDIR=\"$(CONFIGURATION)$(EFFECTIVE_PLATFORM_NAME)\"'",
					"$(inherited)",
				);
				GCC_SYMBOLS_PRIVATE_EXTERN = NO;
				INSTALL_PATH = "";
				ONLY_ACTIVE_ARCH = NO;
				OTHER_LDFLAGS = " $(inherited)";
				OTHER_REZFLAGS = "";
				PRODUCT_NAME = ALL_BUILD;
				SDKROOT = iphoneos;
				SECTORDER_FLAGS = "";
				SUPPORTED_PLATFORMS = "iphonesimulator iphoneos";
				USE_HEADERMAP = NO;
				WARNING_CFLAGS = "$(inherited)";
			};
			name = RelWithDebInfo;
		};
		75BF178BCA08485AB0B020A3 /* Release */ = {
			isa = XCBuildConfiguration;
			buildSettings = {
				ALWAYS_SEARCH_USER_PATHS = NO;
				ARCHS = arm64;
				COMBINE_HIDPI_IMAGES = YES;
				GCC_GENERATE_DEBUGGING_SYMBOLS = YES;
				GCC_INLINES_ARE_PRIVATE_EXTERN = NO;
				GCC_OPTIMIZATION_LEVEL = 0;
				GCC_PREPROCESSOR_DEFINITIONS = (
					"'CMAKE_INTDIR=\"$(CONFIGURATION)$(EFFECTIVE_PLATFORM_NAME)\"'",
					"$(inherited)",
				);
				GCC_SYMBOLS_PRIVATE_EXTERN = NO;
				INSTALL_PATH = "";
				ONLY_ACTIVE_ARCH = NO;
				OTHER_LDFLAGS = " $(inherited)";
				OTHER_REZFLAGS = "";
				PRODUCT_NAME = ZERO_CHECK;
				SDKROOT = iphoneos;
				SECTORDER_FLAGS = "";
				SUPPORTED_PLATFORMS = "iphonesimulator iphoneos";
				USE_HEADERMAP = NO;
				WARNING_CFLAGS = "$(inherited)";
			};
			name = Release;
		};
		AE6EA75F33F04DF487884C3D /* Release */ = {
			isa = XCBuildConfiguration;
			buildSettings = {
				ALWAYS_SEARCH_USER_PATHS = NO;
				ARCHS = arm64;
				COMBINE_HIDPI_IMAGES = YES;
				GCC_GENERATE_DEBUGGING_SYMBOLS = YES;
				GCC_INLINES_ARE_PRIVATE_EXTERN = NO;
				GCC_OPTIMIZATION_LEVEL = 0;
				GCC_PREPROCESSOR_DEFINITIONS = (
					"'CMAKE_INTDIR=\"$(CONFIGURATION)$(EFFECTIVE_PLATFORM_NAME)\"'",
					"$(inherited)",
				);
				GCC_SYMBOLS_PRIVATE_EXTERN = NO;
				INSTALL_PATH = "";
				ONLY_ACTIVE_ARCH = NO;
				OTHER_LDFLAGS = " $(inherited)";
				OTHER_REZFLAGS = "";
				PRODUCT_NAME = ALL_BUILD;
				SDKROOT = iphoneos;
				SECTORDER_FLAGS = "";
				SUPPORTED_PLATFORMS = "iphonesimulator iphoneos";
				USE_HEADERMAP = NO;
				WARNING_CFLAGS = "$(inherited)";
			};
			name = Release;
		};
		B13149A6507F4A90A36FE0EC /* Debug */ = {
			isa = XCBuildConfiguration;
			buildSettings = {
				ALWAYS_SEARCH_USER_PATHS = NO;
				ARCHS = arm64;
				COMBINE_HIDPI_IMAGES = YES;
				GCC_GENERATE_DEBUGGING_SYMBOLS = YES;
				GCC_INLINES_ARE_PRIVATE_EXTERN = NO;
				GCC_OPTIMIZATION_LEVEL = 0;
				GCC_PREPROCESSOR_DEFINITIONS = (
					"'CMAKE_INTDIR=\"$(CONFIGURATION)$(EFFECTIVE_PLATFORM_NAME)\"'",
					"$(inherited)",
				);
				GCC_SYMBOLS_PRIVATE_EXTERN = NO;
				INSTALL_PATH = "";
				ONLY_ACTIVE_ARCH = NO;
				OTHER_LDFLAGS = " $(inherited)";
				OTHER_REZFLAGS = "";
				PRODUCT_NAME = ZERO_CHECK;
				SDKROOT = iphoneos;
				SECTORDER_FLAGS = "";
				SUPPORTED_PLATFORMS = "iphonesimulator iphoneos";
				USE_HEADERMAP = NO;
				WARNING_CFLAGS = "$(inherited)";
			};
			name = Debug;
		};
		BFC6A8B941944284AE0DA654 /* MinSizeRel */ = {
			isa = XCBuildConfiguration;
			buildSettings = {
				ALWAYS_SEARCH_USER_PATHS = NO;
				ARCHS = arm64;
				COMBINE_HIDPI_IMAGES = YES;
				CONFIGURATION_BUILD_DIR = /Users/tonglt/CLionProjects/keybox/iosbuild/MinSizeRel;
				EXECUTABLE_PREFIX = lib;
				EXECUTABLE_SUFFIX = .a;
				GCC_GENERATE_DEBUGGING_SYMBOLS = NO;
				GCC_INLINES_ARE_PRIVATE_EXTERN = NO;
				GCC_OPTIMIZATION_LEVEL = s;
				GCC_PREPROCESSOR_DEFINITIONS = (
					"'CMAKE_INTDIR=\"$(CONFIGURATION)$(EFFECTIVE_PLATFORM_NAME)\"'",
					"$(inherited)",
				);
				GCC_SYMBOLS_PRIVATE_EXTERN = NO;
				HEADER_SEARCH_PATHS = (
					/opt/homebrew/include,
					"/opt/homebrew/opt/openssl@3/include",
					"$(inherited)",
					/opt/homebrew/opt/curl/include,
				);
				INSTALL_PATH = "";
				LIBRARY_STYLE = STATIC;
				ONLY_ACTIVE_ARCH = NO;
				OTHER_CPLUSPLUSFLAGS = (
					"-DNDEBUG",
					"'-std=gnu++17'",
				);
				OTHER_LIBTOOLFLAGS = "";
				OTHER_REZFLAGS = "";
				PRODUCT_NAME = utilities;
				SDKROOT = iphoneos;
				SECTORDER_FLAGS = "";
				SUPPORTED_PLATFORMS = "iphonesimulator iphoneos";
				TARGET_TEMP_DIR = "/Users/tonglt/CLionProjects/keybox/iosbuild/build/utilities.build/$(CONFIGURATION)$(EFFECTIVE_PLATFORM_NAME)";
				USE_HEADERMAP = NO;
				WARNING_CFLAGS = "$(inherited)";
			};
			name = MinSizeRel;
		};
		C44873B741A948118F61A524 /* MinSizeRel */ = {
			isa = XCBuildConfiguration;
			buildSettings = {
				ARCHS = arm64;
				SDKROOT = "";
				SWIFT_COMPILATION_MODE = wholemodule;
				SYMROOT = /Users/tonglt/CLionProjects/keybox/iosbuild/build;
			};
			name = MinSizeRel;
		};
		C4C97F206E1C43AEACF8CC41 /* MinSizeRel */ = {
			isa = XCBuildConfiguration;
			buildSettings = {
				ALWAYS_SEARCH_USER_PATHS = NO;
				ARCHS = arm64;
				COMBINE_HIDPI_IMAGES = YES;
				GCC_GENERATE_DEBUGGING_SYMBOLS = YES;
				GCC_INLINES_ARE_PRIVATE_EXTERN = NO;
				GCC_OPTIMIZATION_LEVEL = 0;
				GCC_PREPROCESSOR_DEFINITIONS = (
					"'CMAKE_INTDIR=\"$(CONFIGURATION)$(EFFECTIVE_PLATFORM_NAME)\"'",
					"$(inherited)",
				);
				GCC_SYMBOLS_PRIVATE_EXTERN = NO;
				INSTALL_PATH = "";
				ONLY_ACTIVE_ARCH = NO;
				OTHER_LDFLAGS = " $(inherited)";
				OTHER_REZFLAGS = "";
				PRODUCT_NAME = ZERO_CHECK;
				SDKROOT = iphoneos;
				SECTORDER_FLAGS = "";
				SUPPORTED_PLATFORMS = "iphonesimulator iphoneos";
				USE_HEADERMAP = NO;
				WARNING_CFLAGS = "$(inherited)";
			};
			name = MinSizeRel;
		};
		DC7566D1E891457F94539260 /* Debug */ = {
			isa = XCBuildConfiguration;
			buildSettings = {
				ALWAYS_SEARCH_USER_PATHS = NO;
				ARCHS = arm64;
				COMBINE_HIDPI_IMAGES = YES;
				CONFIGURATION_BUILD_DIR = /Users/tonglt/CLionProjects/keybox/iosbuild/Debug;
				EXECUTABLE_PREFIX = lib;
				EXECUTABLE_SUFFIX = .a;
				GCC_GENERATE_DEBUGGING_SYMBOLS = YES;
				GCC_INLINES_ARE_PRIVATE_EXTERN = NO;
				GCC_OPTIMIZATION_LEVEL = 0;
				GCC_PREPROCESSOR_DEFINITIONS = (
					"'CMAKE_INTDIR=\"$(CONFIGURATION)$(EFFECTIVE_PLATFORM_NAME)\"'",
					"$(inherited)",
				);
				GCC_SYMBOLS_PRIVATE_EXTERN = NO;
				HEADER_SEARCH_PATHS = (
					/opt/homebrew/include,
					"/opt/homebrew/opt/openssl@3/include",
					"$(inherited)",
					/opt/homebrew/opt/curl/include,
				);
				INSTALL_PATH = "";
				LIBRARY_STYLE = STATIC;
				ONLY_ACTIVE_ARCH = NO;
				OTHER_CPLUSPLUSFLAGS = "   '-std=gnu++17' ";
				OTHER_LIBTOOLFLAGS = "";
				OTHER_REZFLAGS = "";
				PRODUCT_NAME = utilities;
				SDKROOT = iphoneos;
				SECTORDER_FLAGS = "";
				SUPPORTED_PLATFORMS = "iphonesimulator iphoneos";
				TARGET_TEMP_DIR = "/Users/tonglt/CLionProjects/keybox/iosbuild/build/utilities.build/$(CONFIGURATION)$(EFFECTIVE_PLATFORM_NAME)";
				USE_HEADERMAP = NO;
				WARNING_CFLAGS = "$(inherited)";
			};
			name = Debug;
		};
		E8B3C12D05B2432588305600 /* Release */ = {
			isa = XCBuildConfiguration;
			buildSettings = {
				ALWAYS_SEARCH_USER_PATHS = NO;
				ARCHS = arm64;
				COMBINE_HIDPI_IMAGES = YES;
				CONFIGURATION_BUILD_DIR = /Users/tonglt/CLionProjects/keybox/iosbuild/Release;
				EXECUTABLE_PREFIX = lib;
				EXECUTABLE_SUFFIX = .a;
				GCC_GENERATE_DEBUGGING_SYMBOLS = NO;
				GCC_INLINES_ARE_PRIVATE_EXTERN = NO;
				GCC_OPTIMIZATION_LEVEL = 3;
				GCC_PREPROCESSOR_DEFINITIONS = (
					"'CMAKE_INTDIR=\"$(CONFIGURATION)$(EFFECTIVE_PLATFORM_NAME)\"'",
					"$(inherited)",
				);
				GCC_SYMBOLS_PRIVATE_EXTERN = NO;
				HEADER_SEARCH_PATHS = (
					/opt/homebrew/include,
					"/opt/homebrew/opt/openssl@3/include",
					"$(inherited)",
					/opt/homebrew/opt/curl/include,
				);
				INSTALL_PATH = "";
				LIBRARY_STYLE = STATIC;
				ONLY_ACTIVE_ARCH = NO;
				OTHER_CPLUSPLUSFLAGS = (
					"-DNDEBUG",
					"'-std=gnu++17'",
				);
				OTHER_LIBTOOLFLAGS = "";
				OTHER_REZFLAGS = "";
				PRODUCT_NAME = utilities;
				SDKROOT = iphoneos;
				SECTORDER_FLAGS = "";
				SUPPORTED_PLATFORMS = "iphonesimulator iphoneos";
				TARGET_TEMP_DIR = "/Users/tonglt/CLionProjects/keybox/iosbuild/build/utilities.build/$(CONFIGURATION)$(EFFECTIVE_PLATFORM_NAME)";
				USE_HEADERMAP = NO;
				WARNING_CFLAGS = "$(inherited)";
			};
			name = Release;
		};
		EF6BAE1E603B4965888FCA46 /* RelWithDebInfo */ = {
			isa = XCBuildConfiguration;
			buildSettings = {
				ARCHS = arm64;
				SDKROOT = "";
				SWIFT_COMPILATION_MODE = wholemodule;
				SYMROOT = /Users/tonglt/CLionProjects/keybox/iosbuild/build;
			};
			name = RelWithDebInfo;
		};
/* End XCBuildConfiguration section */

/* Begin XCConfigurationList section */
		ABB234F07EC54D668C43842B /* Build configuration list for PBXNativeTarget "utilities" */ = {
			isa = XCConfigurationList;
			buildConfigurations = (
				DC7566D1E891457F94539260 /* Debug */,
				E8B3C12D05B2432588305600 /* Release */,
				BFC6A8B941944284AE0DA654 /* MinSizeRel */,
				1DEDF9D4F45C422B9129EE80 /* RelWithDebInfo */,
			);
			defaultConfigurationIsVisible = 0;
			defaultConfigurationName = Debug;
		};
		CC971DAC98B647A28D909920 /* Build configuration list for PBXAggregateTarget "ALL_BUILD" */ = {
			isa = XCConfigurationList;
			buildConfigurations = (
				3768107C8C71422F98CF1B3D /* Debug */,
				AE6EA75F33F04DF487884C3D /* Release */,
				0E33A4EC2B314242BA38ACB5 /* MinSizeRel */,
				712ECF64124B4380B3E937BA /* RelWithDebInfo */,
			);
			defaultConfigurationIsVisible = 0;
			defaultConfigurationName = Debug;
		};
		D46D27C400414159B856D87C /* Build configuration list for PBXProject "keybox" */ = {
			isa = XCConfigurationList;
			buildConfigurations = (
				58E3D2146BFE40E89F2EF001 /* Debug */,
				5D101BAEAF0B48939B3D0DAE /* Release */,
				C44873B741A948118F61A524 /* MinSizeRel */,
				EF6BAE1E603B4965888FCA46 /* RelWithDebInfo */,
			);
			defaultConfigurationIsVisible = 0;
			defaultConfigurationName = Debug;
		};
		F36A05D325224C0593CAFD96 /* Build configuration list for PBXAggregateTarget "ZERO_CHECK" */ = {
			isa = XCConfigurationList;
			buildConfigurations = (
				B13149A6507F4A90A36FE0EC /* Debug */,
				75BF178BCA08485AB0B020A3 /* Release */,
				C4C97F206E1C43AEACF8CC41 /* MinSizeRel */,
				6E0E49A6355748B5A5991891 /* RelWithDebInfo */,
			);
			defaultConfigurationIsVisible = 0;
			defaultConfigurationName = Debug;
		};
/* End XCConfigurationList section */
	};
	rootObject = 9B44B37DD52E4FBFA101363F /* Project object */;
}
